
Microsoft Visual Studio Solution File, Format Version 12.00
# Visual Studio 15
VisualStudioVersion = 15.0.28010.2048
MinimumVisualStudioVersion = 10.0.40219.1
Project("{FAE04EC0-301F-11D3-BF4B-00C04F79EFBC}") = "MVVM_Test", "MVVM_Test\MVVM_Test.csproj", "{A002D89E-F1E5-42B4-8F2A-22BF17ECD671}"
EndProject
Global
	GlobalSection(SolutionConfigurationPlatforms) = preSolution
		Debug|Any CPU = Debug|Any CPU
		Release|Any CPU = Release|Any CPU
	EndGlobalSection
	GlobalSection(ProjectConfigurationPlatforms) = postSolution
		{A002D89E-F1E5-42B4-8F2A-22BF17ECD671}.Debug|Any CPU.ActiveCfg = Debug|Any CPU
		{A002D89E-F1E5-42B4-8F2A-22BF17ECD671}.Debug|Any CPU.Build.0 = Debug|Any CPU
		{A002D89E-F1E5-42B4-8F2A-22BF17ECD671}.Release|Any CPU.ActiveCfg = Release|Any CPU
		{A002D89E-F1E5-42B4-8F2A-22BF17ECD671}.Release|Any CPU.Build.0 = Release|Any CPU
	EndGlobalSection
	GlobalSection(SolutionProperties) = preSolution
		HideSolutionNode = FALSE
	EndGlobalSection
	GlobalSection(ExtensibilityGlobals) = postSolution
		SolutionGuid = {8106A828-FB55-44DB-A10D-871FBDECABF7}
	EndGlobalSection
EndGlobal
